
Microsoft Visual Studio Solution File, Format Version 12.00
# Visual Studio Version 17
VisualStudioVersion = 17.6.33723.286
MinimumVisualStudioVersion = 10.0.40219.1
Project("{9A19103F-16F7-4668-BE54-9A1E7A4F7556}") = "Lab1", "Lab1\Lab1.csproj", "{61C46440-FCAE-41D1-A3E2-478C117B92A2}"
EndProject
Project("{9A19103F-16F7-4668-BE54-9A1E7A4F7556}") = "Lab2", "Lab2\Lab2.csproj", "{151B615F-6E89-4EFD-898B-E0C04770F33D}"
EndProject
Project("{9A19103F-16F7-4668-BE54-9A1E7A4F7556}") = "Lab3", "Lab3\Lab3.csproj", "{08247BF6-EC60-4FF3-A790-CBA5427D8C2E}"
EndProject
Project("{FAE04EC0-301F-11D3-BF4B-00C04F79EFBC}") = "Lab4", "Lab4\Lab4.csproj", "{07CA71B5-8CA7-4F74-9268-87B5CBACEB8C}"
EndProject
Global
	GlobalSection(SolutionConfigurationPlatforms) = preSolution
		Debug|Any CPU = Debug|Any CPU
		Release|Any CPU = Release|Any CPU
	EndGlobalSection
	GlobalSection(ProjectConfigurationPlatforms) = postSolution
		{61C46440-FCAE-41D1-A3E2-478C117B92A2}.Debug|Any CPU.ActiveCfg = Debug|Any CPU
		{61C46440-FCAE-41D1-A3E2-478C117B92A2}.Debug|Any CPU.Build.0 = Debug|Any CPU
		{61C46440-FCAE-41D1-A3E2-478C117B92A2}.Release|Any CPU.ActiveCfg = Release|Any CPU
		{61C46440-FCAE-41D1-A3E2-478C117B92A2}.Release|Any CPU.Build.0 = Release|Any CPU
		{151B615F-6E89-4EFD-898B-E0C04770F33D}.Debug|Any CPU.ActiveCfg = Debug|Any CPU
		{151B615F-6E89-4EFD-898B-E0C04770F33D}.Debug|Any CPU.Build.0 = Debug|Any CPU
		{151B615F-6E89-4EFD-898B-E0C04770F33D}.Release|Any CPU.ActiveCfg = Release|Any CPU
		{151B615F-6E89-4EFD-898B-E0C04770F33D}.Release|Any CPU.Build.0 = Release|Any CPU
		{08247BF6-EC60-4FF3-A790-CBA5427D8C2E}.Debug|Any CPU.ActiveCfg = Debug|Any CPU
		{08247BF6-EC60-4FF3-A790-CBA5427D8C2E}.Debug|Any CPU.Build.0 = Debug|Any CPU
		{08247BF6-EC60-4FF3-A790-CBA5427D8C2E}.Release|Any CPU.ActiveCfg = Release|Any CPU
		{08247BF6-EC60-4FF3-A790-CBA5427D8C2E}.Release|Any CPU.Build.0 = Release|Any CPU
		{07CA71B5-8CA7-4F74-9268-87B5CBACEB8C}.Debug|Any CPU.ActiveCfg = Debug|Any CPU
		{07CA71B5-8CA7-4F74-9268-87B5CBACEB8C}.Debug|Any CPU.Build.0 = Debug|Any CPU
		{07CA71B5-8CA7-4F74-9268-87B5CBACEB8C}.Release|Any CPU.ActiveCfg = Release|Any CPU
		{07CA71B5-8CA7-4F74-9268-87B5CBACEB8C}.Release|Any CPU.Build.0 = Release|Any CPU
	EndGlobalSection
	GlobalSection(SolutionProperties) = preSolution
		HideSolutionNode = FALSE
	EndGlobalSection
	GlobalSection(ExtensibilityGlobals) = postSolution
		SolutionGuid = {21B98794-AF89-43A6-BAA2-E1FEFF88D93E}
	EndGlobalSection
EndGlobal
